
Microsoft Visual Studio Solution File, Format Version 12.00
# Visual Studio Version 16
VisualStudioVersion = 16.0.28803.202
MinimumVisualStudioVersion = 10.0.40219.1
Project("{9A19103F-16F7-4668-BE54-9A1E7A4F7556}") = "FridgeTracker", "FridgeTracker\FridgeTracker.csproj", "{CFB986B4-5912-4A30-9FF6-0043D3797C31}"
EndProject
Project("{9A19103F-16F7-4668-BE54-9A1E7A4F7556}") = "FridgeUI", "FridgeUI\FridgeUI.csproj", "{0CD6E413-EA0B-435F-849C-18466A17CBCE}"
	ProjectSection(ProjectDependencies) = postProject
		{CFB986B4-5912-4A30-9FF6-0043D3797C31} = {CFB986B4-5912-4A30-9FF6-0043D3797C31}
	EndProjectSection
EndProject
Global
	GlobalSection(SolutionConfigurationPlatforms) = preSolution
		Debug|Any CPU = Debug|Any CPU
		Release|Any CPU = Release|Any CPU
	EndGlobalSection
	GlobalSection(ProjectConfigurationPlatforms) = postSolution
		{CFB986B4-5912-4A30-9FF6-0043D3797C31}.Debug|Any CPU.ActiveCfg = Debug|Any CPU
		{CFB986B4-5912-4A30-9FF6-0043D3797C31}.Debug|Any CPU.Build.0 = Debug|Any CPU
		{CFB986B4-5912-4A30-9FF6-0043D3797C31}.Release|Any CPU.ActiveCfg = Release|Any CPU
		{CFB986B4-5912-4A30-9FF6-0043D3797C31}.Release|Any CPU.Build.0 = Release|Any CPU
		{0CD6E413-EA0B-435F-849C-18466A17CBCE}.Debug|Any CPU.ActiveCfg = Debug|Any CPU
		{0CD6E413-EA0B-435F-849C-18466A17CBCE}.Debug|Any CPU.Build.0 = Debug|Any CPU
		{0CD6E413-EA0B-435F-849C-18466A17CBCE}.Release|Any CPU.ActiveCfg = Release|Any CPU
		{0CD6E413-EA0B-435F-849C-18466A17CBCE}.Release|Any CPU.Build.0 = Release|Any CPU
	EndGlobalSection
	GlobalSection(SolutionProperties) = preSolution
		HideSolutionNode = FALSE
	EndGlobalSection
	GlobalSection(ExtensibilityGlobals) = postSolution
		SolutionGuid = {C48D545A-8E9F-49EC-8682-5F882BDC8B98}
	EndGlobalSection
EndGlobal
